
Microsoft Visual Studio Solution File, Format Version 12.00
# Visual Studio 15
VisualStudioVersion = 15.0.27004.2005
MinimumVisualStudioVersion = 10.0.40219.1
Project("{2150E333-8FDC-42A3-9474-1A3956D46DE8}") = "1 DataAccess", "1 DataAccess", "{A33DF074-C304-4E17-B878-D516F7AEBD96}"
EndProject
Project("{2150E333-8FDC-42A3-9474-1A3956D46DE8}") = "2 DataContracts", "2 DataContracts", "{9CD44B7B-5560-400B-AA3A-5DE793631C66}"
EndProject
Project("{2150E333-8FDC-42A3-9474-1A3956D46DE8}") = "3 BusinessLogic", "3 BusinessLogic", "{476DEC60-7FA7-44BE-BDC9-54022A242752}"
EndProject
Project("{2150E333-8FDC-42A3-9474-1A3956D46DE8}") = "4 WebAPI", "4 WebAPI", "{8844E881-82E2-4E23-91B9-AC9690C35424}"
EndProject
Project("{2150E333-8FDC-42A3-9474-1A3956D46DE8}") = "8 Test", "8 Test", "{79B80984-B876-40C7-B82C-0E4D9394FE06}"
EndProject
Project("{FAE04EC0-301F-11D3-BF4B-00C04F79EFBC}") = "4 DataAccessLayer", "DataAccessLayer\4 DataAccessLayer.csproj", "{B9B8881F-DDFA-4B86-9585-3E3CDA230E4C}"
EndProject
Project("{FAE04EC0-301F-11D3-BF4B-00C04F79EFBC}") = "Contracts", "Contracts\Contracts.csproj", "{EF18EA2F-78F0-41D3-8232-8F355285038C}"
EndProject
Project("{FAE04EC0-301F-11D3-BF4B-00C04F79EFBC}") = "1 Services", "Services\1 Services.csproj", "{69AAC7AF-AF35-46C6-B347-8FAC4F41D6F5}"
EndProject
Project("{FAE04EC0-301F-11D3-BF4B-00C04F79EFBC}") = "MobileHubWebApi", "MobileHumWebApi\MobileHubWebApi.csproj", "{FD9080CA-0265-484B-BDEF-1FF1E52E3DAF}"
EndProject
Project("{FAE04EC0-301F-11D3-BF4B-00C04F79EFBC}") = "PopulateMobileHub", "PopulateMobileHub\PopulateMobileHub.csproj", "{F522D184-83D6-47D2-ADF1-475076265C4C}"
EndProject
Project("{FAE04EC0-301F-11D3-BF4B-00C04F79EFBC}") = "TestServices", "TestServices\TestServices.csproj", "{F7EE3C2E-B77A-4EA3-9D69-EA80CC381079}"
EndProject
Project("{FAE04EC0-301F-11D3-BF4B-00C04F79EFBC}") = "TestWebApi", "TestWebApi\TestWebApi.csproj", "{7E8E326C-C41F-4EEC-A3F9-6653E46370F9}"
EndProject
Project("{FAE04EC0-301F-11D3-BF4B-00C04F79EFBC}") = "TestDataManagers", "TestDataManagers\TestDataManagers.csproj", "{570CEEC3-4375-44D3-BC8A-896EFE9E0303}"
EndProject
Project("{FAE04EC0-301F-11D3-BF4B-00C04F79EFBC}") = "2 CustomerModel", "CustomerModel\2 CustomerModel.csproj", "{EF399D86-10D3-4B8A-AB6B-232A701D0F07}"
EndProject
Project("{FAE04EC0-301F-11D3-BF4B-00C04F79EFBC}") = "1 SecurityModel", "SecurityModel\1 SecurityModel.csproj", "{B1691257-F06D-4DA5-AE6D-1C1EA398B95E}"
EndProject
Project("{2150E333-8FDC-42A3-9474-1A3956D46DE8}") = "6 Utilities", "6 Utilities", "{9AB91AE4-ACA2-412D-B23E-27B5191AE333}"
EndProject
Project("{FAE04EC0-301F-11D3-BF4B-00C04F79EFBC}") = "Utilities", "Utilities\Utilities.csproj", "{ED199CA2-3D5F-4368-99D9-13FFECDD9087}"
EndProject
Project("{2150E333-8FDC-42A3-9474-1A3956D46DE8}") = "7 Tools", "7 Tools", "{70DB591D-9640-4A58-86C4-C4BB51125E41}"
EndProject
Project("{FAE04EC0-301F-11D3-BF4B-00C04F79EFBC}") = "CoreDataEntityGenerator", "CoreDataEntityGenerator\CoreDataEntityGenerator.csproj", "{AAACC6FC-903B-419F-814C-A6894EDD52BB}"
EndProject
Project("{FAE04EC0-301F-11D3-BF4B-00C04F79EFBC}") = "TestUtilities", "TestUtilities\TestUtilities.csproj", "{9A0B5B8E-CBEF-48E0-A8ED-E0D9867FD09D}"
EndProject
Project("{2150E333-8FDC-42A3-9474-1A3956D46DE8}") = "5 WorkerRole", "5 WorkerRole", "{866E8FA8-C366-4BF1-93B8-0C2F14A235F1}"
EndProject
Project("{CC5FD16D-436D-48AD-A40C-5A424C6E3E79}") = "AzureCloudService", "AzureCloudService\AzureCloudService.ccproj", "{4B2E1B10-133A-41CF-BB38-1B3D25986E8F}"
EndProject
Project("{FAE04EC0-301F-11D3-BF4B-00C04F79EFBC}") = "Parameters", "Parameters\Parameters.csproj", "{FA16C8CB-DE9D-4F44-9428-F29C463D31F9}"
EndProject
Project("{FAE04EC0-301F-11D3-BF4B-00C04F79EFBC}") = "TestWorkerRoles", "TestWorkerRoles\TestWorkerRoles.csproj", "{16166C8B-AA3A-43D6-8966-ECE43AB917A9}"
EndProject
Project("{FAE04EC0-301F-11D3-BF4B-00C04F79EFBC}") = "RouteInfoLoaderWorkerRole", "RouteInfoLoaderWorkerRole\RouteInfoLoaderWorkerRole.csproj", "{D82782C0-5E2A-4F03-A6E0-B6A4976A5ED9}"
EndProject
Project("{FAE04EC0-301F-11D3-BF4B-00C04F79EFBC}") = "2 RoutePlanner", "RoutePlanner\2 RoutePlanner.csproj", "{D696B390-6C28-4253-BAFF-CC9ED29BA314}"
EndProject
Project("{FAE04EC0-301F-11D3-BF4B-00C04F79EFBC}") = "3 RouteModel", "3 RouteModel\3 RouteModel.csproj", "{E3F6180E-EDB7-4BC2-9B7D-7C1224379EB9}"
EndProject
Project("{2150E333-8FDC-42A3-9474-1A3956D46DE8}") = "GeneticAlgorithm", "GeneticAlgorithm", "{D978358F-A689-4418-9C30-5BE5FBD710FD}"
EndProject
Project("{FAE04EC0-301F-11D3-BF4B-00C04F79EFBC}") = "Core", "GeneticAlgorithm\Core\Core.csproj", "{BFAF50DC-4942-46B8-8615-2A0B4CF08AD2}"
EndProject
Project("{FAE04EC0-301F-11D3-BF4B-00C04F79EFBC}") = "Genetic", "GeneticAlgorithm\Genetic\Genetic.csproj", "{DD4F9C19-9F1C-44A8-81F3-6CA157DCA1C2}"
EndProject
Project("{FAE04EC0-301F-11D3-BF4B-00C04F79EFBC}") = "TspWithTimeWindows", "GeneticAlgorithm\TspWithTimeWindows\TspWithTimeWindows.csproj", "{AF04F1DF-B675-4F9F-9144-3FEC2075FBB3}"
EndProject
Project("{2150E333-8FDC-42A3-9474-1A3956D46DE8}") = "0 Shared", "0 Shared", "{F23D33F6-072A-431C-8D9E-2224E524F1D4}"
EndProject
Project("{FAE04EC0-301F-11D3-BF4B-00C04F79EFBC}") = "Common", "Common\Common.csproj", "{14557EA6-996F-4509-9854-D35744BC9B19}"
EndProject
Project("{FAE04EC0-301F-11D3-BF4B-00C04F79EFBC}") = "Logging", "Logging\Logging.csproj", "{8DDAC173-9267-4545-BD39-12ACA2370000}"
EndProject
Project("{FAE04EC0-301F-11D3-BF4B-00C04F79EFBC}") = "Monitoring", "Monitoring\Monitoring.csproj", "{2008918A-0BD9-4359-AF1B-49057F136D2F}"
EndProject
Global
	GlobalSection(SolutionConfigurationPlatforms) = preSolution
		Debug|Any CPU = Debug|Any CPU
		Debug|x64 = Debug|x64
		Debug|x86 = Debug|x86
		Release|Any CPU = Release|Any CPU
		Release|x64 = Release|x64
		Release|x86 = Release|x86
	EndGlobalSection
	GlobalSection(ProjectConfigurationPlatforms) = postSolution
		{B9B8881F-DDFA-4B86-9585-3E3CDA230E4C}.Debug|Any CPU.ActiveCfg = Debug|Any CPU
		{B9B8881F-DDFA-4B86-9585-3E3CDA230E4C}.Debug|Any CPU.Build.0 = Debug|Any CPU
		{B9B8881F-DDFA-4B86-9585-3E3CDA230E4C}.Debug|x64.ActiveCfg = Debug|Any CPU
		{B9B8881F-DDFA-4B86-9585-3E3CDA230E4C}.Debug|x64.Build.0 = Debug|Any CPU
		{B9B8881F-DDFA-4B86-9585-3E3CDA230E4C}.Debug|x86.ActiveCfg = Debug|Any CPU
		{B9B8881F-DDFA-4B86-9585-3E3CDA230E4C}.Debug|x86.Build.0 = Debug|Any CPU
		{B9B8881F-DDFA-4B86-9585-3E3CDA230E4C}.Release|Any CPU.ActiveCfg = Release|Any CPU
		{B9B8881F-DDFA-4B86-9585-3E3CDA230E4C}.Release|Any CPU.Build.0 = Release|Any CPU
		{B9B8881F-DDFA-4B86-9585-3E3CDA230E4C}.Release|x64.ActiveCfg = Release|Any CPU
		{B9B8881F-DDFA-4B86-9585-3E3CDA230E4C}.Release|x64.Build.0 = Release|Any CPU
		{B9B8881F-DDFA-4B86-9585-3E3CDA230E4C}.Release|x86.ActiveCfg = Release|Any CPU
		{B9B8881F-DDFA-4B86-9585-3E3CDA230E4C}.Release|x86.Build.0 = Release|Any CPU
		{EF18EA2F-78F0-41D3-8232-8F355285038C}.Debug|Any CPU.ActiveCfg = Debug|Any CPU
		{EF18EA2F-78F0-41D3-8232-8F355285038C}.Debug|Any CPU.Build.0 = Debug|Any CPU
		{EF18EA2F-78F0-41D3-8232-8F355285038C}.Debug|x64.ActiveCfg = Debug|Any CPU
		{EF18EA2F-78F0-41D3-8232-8F355285038C}.Debug|x64.Build.0 = Debug|Any CPU
		{EF18EA2F-78F0-41D3-8232-8F355285038C}.Debug|x86.ActiveCfg = Debug|Any CPU
		{EF18EA2F-78F0-41D3-8232-8F355285038C}.Debug|x86.Build.0 = Debug|Any CPU
		{EF18EA2F-78F0-41D3-8232-8F355285038C}.Release|Any CPU.ActiveCfg = Release|Any CPU
		{EF18EA2F-78F0-41D3-8232-8F355285038C}.Release|Any CPU.Build.0 = Release|Any CPU
		{EF18EA2F-78F0-41D3-8232-8F355285038C}.Release|x64.ActiveCfg = Release|Any CPU
		{EF18EA2F-78F0-41D3-8232-8F355285038C}.Release|x64.Build.0 = Release|Any CPU
		{EF18EA2F-78F0-41D3-8232-8F355285038C}.Release|x86.ActiveCfg = Release|Any CPU
		{EF18EA2F-78F0-41D3-8232-8F355285038C}.Release|x86.Build.0 = Release|Any CPU
		{69AAC7AF-AF35-46C6-B347-8FAC4F41D6F5}.Debug|Any CPU.ActiveCfg = Debug|Any CPU
		{69AAC7AF-AF35-46C6-B347-8FAC4F41D6F5}.Debug|Any CPU.Build.0 = Debug|Any CPU
		{69AAC7AF-AF35-46C6-B347-8FAC4F41D6F5}.Debug|x64.ActiveCfg = Debug|Any CPU
		{69AAC7AF-AF35-46C6-B347-8FAC4F41D6F5}.Debug|x64.Build.0 = Debug|Any CPU
		{69AAC7AF-AF35-46C6-B347-8FAC4F41D6F5}.Debug|x86.ActiveCfg = Debug|Any CPU
		{69AAC7AF-AF35-46C6-B347-8FAC4F41D6F5}.Debug|x86.Build.0 = Debug|Any CPU
		{69AAC7AF-AF35-46C6-B347-8FAC4F41D6F5}.Release|Any CPU.ActiveCfg = Release|Any CPU
		{69AAC7AF-AF35-46C6-B347-8FAC4F41D6F5}.Release|Any CPU.Build.0 = Release|Any CPU
		{69AAC7AF-AF35-46C6-B347-8FAC4F41D6F5}.Release|x64.ActiveCfg = Release|Any CPU
		{69AAC7AF-AF35-46C6-B347-8FAC4F41D6F5}.Release|x64.Build.0 = Release|Any CPU
		{69AAC7AF-AF35-46C6-B347-8FAC4F41D6F5}.Release|x86.ActiveCfg = Release|Any CPU
		{69AAC7AF-AF35-46C6-B347-8FAC4F41D6F5}.Release|x86.Build.0 = Release|Any CPU
		{FD9080CA-0265-484B-BDEF-1FF1E52E3DAF}.Debug|Any CPU.ActiveCfg = Debug|Any CPU
		{FD9080CA-0265-484B-BDEF-1FF1E52E3DAF}.Debug|Any CPU.Build.0 = Debug|Any CPU
		{FD9080CA-0265-484B-BDEF-1FF1E52E3DAF}.Debug|x64.ActiveCfg = Debug|Any CPU
		{FD9080CA-0265-484B-BDEF-1FF1E52E3DAF}.Debug|x64.Build.0 = Debug|Any CPU
		{FD9080CA-0265-484B-BDEF-1FF1E52E3DAF}.Debug|x86.ActiveCfg = Debug|Any CPU
		{FD9080CA-0265-484B-BDEF-1FF1E52E3DAF}.Debug|x86.Build.0 = Debug|Any CPU
		{FD9080CA-0265-484B-BDEF-1FF1E52E3DAF}.Release|Any CPU.ActiveCfg = Release|Any CPU
		{FD9080CA-0265-484B-BDEF-1FF1E52E3DAF}.Release|Any CPU.Build.0 = Release|Any CPU
		{FD9080CA-0265-484B-BDEF-1FF1E52E3DAF}.Release|x64.ActiveCfg = Release|Any CPU
		{FD9080CA-0265-484B-BDEF-1FF1E52E3DAF}.Release|x64.Build.0 = Release|Any CPU
		{FD9080CA-0265-484B-BDEF-1FF1E52E3DAF}.Release|x86.ActiveCfg = Release|Any CPU
		{FD9080CA-0265-484B-BDEF-1FF1E52E3DAF}.Release|x86.Build.0 = Release|Any CPU
		{F522D184-83D6-47D2-ADF1-475076265C4C}.Debug|Any CPU.ActiveCfg = Debug|Any CPU
		{F522D184-83D6-47D2-ADF1-475076265C4C}.Debug|Any CPU.Build.0 = Debug|Any CPU
		{F522D184-83D6-47D2-ADF1-475076265C4C}.Debug|x64.ActiveCfg = Debug|Any CPU
		{F522D184-83D6-47D2-ADF1-475076265C4C}.Debug|x64.Build.0 = Debug|Any CPU
		{F522D184-83D6-47D2-ADF1-475076265C4C}.Debug|x86.ActiveCfg = Debug|Any CPU
		{F522D184-83D6-47D2-ADF1-475076265C4C}.Debug|x86.Build.0 = Debug|Any CPU
		{F522D184-83D6-47D2-ADF1-475076265C4C}.Release|Any CPU.ActiveCfg = Release|Any CPU
		{F522D184-83D6-47D2-ADF1-475076265C4C}.Release|Any CPU.Build.0 = Release|Any CPU
		{F522D184-83D6-47D2-ADF1-475076265C4C}.Release|x64.ActiveCfg = Release|Any CPU
		{F522D184-83D6-47D2-ADF1-475076265C4C}.Release|x64.Build.0 = Release|Any CPU
		{F522D184-83D6-47D2-ADF1-475076265C4C}.Release|x86.ActiveCfg = Release|Any CPU
		{F522D184-83D6-47D2-ADF1-475076265C4C}.Release|x86.Build.0 = Release|Any CPU
		{F7EE3C2E-B77A-4EA3-9D69-EA80CC381079}.Debug|Any CPU.ActiveCfg = Debug|Any CPU
		{F7EE3C2E-B77A-4EA3-9D69-EA80CC381079}.Debug|Any CPU.Build.0 = Debug|Any CPU
		{F7EE3C2E-B77A-4EA3-9D69-EA80CC381079}.Debug|x64.ActiveCfg = Debug|Any CPU
		{F7EE3C2E-B77A-4EA3-9D69-EA80CC381079}.Debug|x64.Build.0 = Debug|Any CPU
		{F7EE3C2E-B77A-4EA3-9D69-EA80CC381079}.Debug|x86.ActiveCfg = Debug|Any CPU
		{F7EE3C2E-B77A-4EA3-9D69-EA80CC381079}.Debug|x86.Build.0 = Debug|Any CPU
		{F7EE3C2E-B77A-4EA3-9D69-EA80CC381079}.Release|Any CPU.ActiveCfg = Release|Any CPU
		{F7EE3C2E-B77A-4EA3-9D69-EA80CC381079}.Release|Any CPU.Build.0 = Release|Any CPU
		{F7EE3C2E-B77A-4EA3-9D69-EA80CC381079}.Release|x64.ActiveCfg = Release|Any CPU
		{F7EE3C2E-B77A-4EA3-9D69-EA80CC381079}.Release|x64.Build.0 = Release|Any CPU
		{F7EE3C2E-B77A-4EA3-9D69-EA80CC381079}.Release|x86.ActiveCfg = Release|Any CPU
		{F7EE3C2E-B77A-4EA3-9D69-EA80CC381079}.Release|x86.Build.0 = Release|Any CPU
		{7E8E326C-C41F-4EEC-A3F9-6653E46370F9}.Debug|Any CPU.ActiveCfg = Debug|Any CPU
		{7E8E326C-C41F-4EEC-A3F9-6653E46370F9}.Debug|Any CPU.Build.0 = Debug|Any CPU
		{7E8E326C-C41F-4EEC-A3F9-6653E46370F9}.Debug|x64.ActiveCfg = Debug|Any CPU
		{7E8E326C-C41F-4EEC-A3F9-6653E46370F9}.Debug|x64.Build.0 = Debug|Any CPU
		{7E8E326C-C41F-4EEC-A3F9-6653E46370F9}.Debug|x86.ActiveCfg = Debug|Any CPU
		{7E8E326C-C41F-4EEC-A3F9-6653E46370F9}.Debug|x86.Build.0 = Debug|Any CPU
		{7E8E326C-C41F-4EEC-A3F9-6653E46370F9}.Release|Any CPU.ActiveCfg = Release|Any CPU
		{7E8E326C-C41F-4EEC-A3F9-6653E46370F9}.Release|Any CPU.Build.0 = Release|Any CPU
		{7E8E326C-C41F-4EEC-A3F9-6653E46370F9}.Release|x64.ActiveCfg = Release|Any CPU
		{7E8E326C-C41F-4EEC-A3F9-6653E46370F9}.Release|x64.Build.0 = Release|Any CPU
		{7E8E326C-C41F-4EEC-A3F9-6653E46370F9}.Release|x86.ActiveCfg = Release|Any CPU
		{7E8E326C-C41F-4EEC-A3F9-6653E46370F9}.Release|x86.Build.0 = Release|Any CPU
		{570CEEC3-4375-44D3-BC8A-896EFE9E0303}.Debug|Any CPU.ActiveCfg = Debug|Any CPU
		{570CEEC3-4375-44D3-BC8A-896EFE9E0303}.Debug|Any CPU.Build.0 = Debug|Any CPU
		{570CEEC3-4375-44D3-BC8A-896EFE9E0303}.Debug|x64.ActiveCfg = Debug|Any CPU
		{570CEEC3-4375-44D3-BC8A-896EFE9E0303}.Debug|x64.Build.0 = Debug|Any CPU
		{570CEEC3-4375-44D3-BC8A-896EFE9E0303}.Debug|x86.ActiveCfg = Debug|Any CPU
		{570CEEC3-4375-44D3-BC8A-896EFE9E0303}.Debug|x86.Build.0 = Debug|Any CPU
		{570CEEC3-4375-44D3-BC8A-896EFE9E0303}.Release|Any CPU.ActiveCfg = Release|Any CPU
		{570CEEC3-4375-44D3-BC8A-896EFE9E0303}.Release|Any CPU.Build.0 = Release|Any CPU
		{570CEEC3-4375-44D3-BC8A-896EFE9E0303}.Release|x64.ActiveCfg = Release|Any CPU
		{570CEEC3-4375-44D3-BC8A-896EFE9E0303}.Release|x64.Build.0 = Release|Any CPU
		{570CEEC3-4375-44D3-BC8A-896EFE9E0303}.Release|x86.ActiveCfg = Release|Any CPU
		{570CEEC3-4375-44D3-BC8A-896EFE9E0303}.Release|x86.Build.0 = Release|Any CPU
		{EF399D86-10D3-4B8A-AB6B-232A701D0F07}.Debug|Any CPU.ActiveCfg = Debug|Any CPU
		{EF399D86-10D3-4B8A-AB6B-232A701D0F07}.Debug|Any CPU.Build.0 = Debug|Any CPU
		{EF399D86-10D3-4B8A-AB6B-232A701D0F07}.Debug|x64.ActiveCfg = Debug|Any CPU
		{EF399D86-10D3-4B8A-AB6B-232A701D0F07}.Debug|x64.Build.0 = Debug|Any CPU
		{EF399D86-10D3-4B8A-AB6B-232A701D0F07}.Debug|x86.ActiveCfg = Debug|Any CPU
		{EF399D86-10D3-4B8A-AB6B-232A701D0F07}.Debug|x86.Build.0 = Debug|Any CPU
		{EF399D86-10D3-4B8A-AB6B-232A701D0F07}.Release|Any CPU.ActiveCfg = Release|Any CPU
		{EF399D86-10D3-4B8A-AB6B-232A701D0F07}.Release|Any CPU.Build.0 = Release|Any CPU
		{EF399D86-10D3-4B8A-AB6B-232A701D0F07}.Release|x64.ActiveCfg = Release|Any CPU
		{EF399D86-10D3-4B8A-AB6B-232A701D0F07}.Release|x64.Build.0 = Release|Any CPU
		{EF399D86-10D3-4B8A-AB6B-232A701D0F07}.Release|x86.ActiveCfg = Release|Any CPU
		{EF399D86-10D3-4B8A-AB6B-232A701D0F07}.Release|x86.Build.0 = Release|Any CPU
		{B1691257-F06D-4DA5-AE6D-1C1EA398B95E}.Debug|Any CPU.ActiveCfg = Debug|Any CPU
		{B1691257-F06D-4DA5-AE6D-1C1EA398B95E}.Debug|Any CPU.Build.0 = Debug|Any CPU
		{B1691257-F06D-4DA5-AE6D-1C1EA398B95E}.Debug|x64.ActiveCfg = Debug|Any CPU
		{B1691257-F06D-4DA5-AE6D-1C1EA398B95E}.Debug|x64.Build.0 = Debug|Any CPU
		{B1691257-F06D-4DA5-AE6D-1C1EA398B95E}.Debug|x86.ActiveCfg = Debug|Any CPU
		{B1691257-F06D-4DA5-AE6D-1C1EA398B95E}.Debug|x86.Build.0 = Debug|Any CPU
		{B1691257-F06D-4DA5-AE6D-1C1EA398B95E}.Release|Any CPU.ActiveCfg = Release|Any CPU
		{B1691257-F06D-4DA5-AE6D-1C1EA398B95E}.Release|Any CPU.Build.0 = Release|Any CPU
		{B1691257-F06D-4DA5-AE6D-1C1EA398B95E}.Release|x64.ActiveCfg = Release|Any CPU
		{B1691257-F06D-4DA5-AE6D-1C1EA398B95E}.Release|x64.Build.0 = Release|Any CPU
		{B1691257-F06D-4DA5-AE6D-1C1EA398B95E}.Release|x86.ActiveCfg = Release|Any CPU
		{B1691257-F06D-4DA5-AE6D-1C1EA398B95E}.Release|x86.Build.0 = Release|Any CPU
		{ED199CA2-3D5F-4368-99D9-13FFECDD9087}.Debug|Any CPU.ActiveCfg = Debug|Any CPU
		{ED199CA2-3D5F-4368-99D9-13FFECDD9087}.Debug|Any CPU.Build.0 = Debug|Any CPU
		{ED199CA2-3D5F-4368-99D9-13FFECDD9087}.Debug|x64.ActiveCfg = Debug|Any CPU
		{ED199CA2-3D5F-4368-99D9-13FFECDD9087}.Debug|x64.Build.0 = Debug|Any CPU
		{ED199CA2-3D5F-4368-99D9-13FFECDD9087}.Debug|x86.ActiveCfg = Debug|Any CPU
		{ED199CA2-3D5F-4368-99D9-13FFECDD9087}.Debug|x86.Build.0 = Debug|Any CPU
		{ED199CA2-3D5F-4368-99D9-13FFECDD9087}.Release|Any CPU.ActiveCfg = Release|Any CPU
		{ED199CA2-3D5F-4368-99D9-13FFECDD9087}.Release|Any CPU.Build.0 = Release|Any CPU
		{ED199CA2-3D5F-4368-99D9-13FFECDD9087}.Release|x64.ActiveCfg = Release|Any CPU
		{ED199CA2-3D5F-4368-99D9-13FFECDD9087}.Release|x64.Build.0 = Release|Any CPU
		{ED199CA2-3D5F-4368-99D9-13FFECDD9087}.Release|x86.ActiveCfg = Release|Any CPU
		{ED199CA2-3D5F-4368-99D9-13FFECDD9087}.Release|x86.Build.0 = Release|Any CPU
		{AAACC6FC-903B-419F-814C-A6894EDD52BB}.Debug|Any CPU.ActiveCfg = Debug|Any CPU
		{AAACC6FC-903B-419F-814C-A6894EDD52BB}.Debug|Any CPU.Build.0 = Debug|Any CPU
		{AAACC6FC-903B-419F-814C-A6894EDD52BB}.Debug|x64.ActiveCfg = Debug|Any CPU
		{AAACC6FC-903B-419F-814C-A6894EDD52BB}.Debug|x64.Build.0 = Debug|Any CPU
		{AAACC6FC-903B-419F-814C-A6894EDD52BB}.Debug|x86.ActiveCfg = Debug|Any CPU
		{AAACC6FC-903B-419F-814C-A6894EDD52BB}.Debug|x86.Build.0 = Debug|Any CPU
		{AAACC6FC-903B-419F-814C-A6894EDD52BB}.Release|Any CPU.ActiveCfg = Release|Any CPU
		{AAACC6FC-903B-419F-814C-A6894EDD52BB}.Release|Any CPU.Build.0 = Release|Any CPU
		{AAACC6FC-903B-419F-814C-A6894EDD52BB}.Release|x64.ActiveCfg = Release|Any CPU
		{AAACC6FC-903B-419F-814C-A6894EDD52BB}.Release|x64.Build.0 = Release|Any CPU
		{AAACC6FC-903B-419F-814C-A6894EDD52BB}.Release|x86.ActiveCfg = Release|Any CPU
		{AAACC6FC-903B-419F-814C-A6894EDD52BB}.Release|x86.Build.0 = Release|Any CPU
		{9A0B5B8E-CBEF-48E0-A8ED-E0D9867FD09D}.Debug|Any CPU.ActiveCfg = Debug|Any CPU
		{9A0B5B8E-CBEF-48E0-A8ED-E0D9867FD09D}.Debug|Any CPU.Build.0 = Debug|Any CPU
		{9A0B5B8E-CBEF-48E0-A8ED-E0D9867FD09D}.Debug|x64.ActiveCfg = Debug|Any CPU
		{9A0B5B8E-CBEF-48E0-A8ED-E0D9867FD09D}.Debug|x64.Build.0 = Debug|Any CPU
		{9A0B5B8E-CBEF-48E0-A8ED-E0D9867FD09D}.Debug|x86.ActiveCfg = Debug|Any CPU
		{9A0B5B8E-CBEF-48E0-A8ED-E0D9867FD09D}.Debug|x86.Build.0 = Debug|Any CPU
		{9A0B5B8E-CBEF-48E0-A8ED-E0D9867FD09D}.Release|Any CPU.ActiveCfg = Release|Any CPU
		{9A0B5B8E-CBEF-48E0-A8ED-E0D9867FD09D}.Release|Any CPU.Build.0 = Release|Any CPU
		{9A0B5B8E-CBEF-48E0-A8ED-E0D9867FD09D}.Release|x64.ActiveCfg = Release|Any CPU
		{9A0B5B8E-CBEF-48E0-A8ED-E0D9867FD09D}.Release|x64.Build.0 = Release|Any CPU
		{9A0B5B8E-CBEF-48E0-A8ED-E0D9867FD09D}.Release|x86.ActiveCfg = Release|Any CPU
		{9A0B5B8E-CBEF-48E0-A8ED-E0D9867FD09D}.Release|x86.Build.0 = Release|Any CPU
		{4B2E1B10-133A-41CF-BB38-1B3D25986E8F}.Debug|Any CPU.ActiveCfg = Debug|Any CPU
		{4B2E1B10-133A-41CF-BB38-1B3D25986E8F}.Debug|Any CPU.Build.0 = Debug|Any CPU
		{4B2E1B10-133A-41CF-BB38-1B3D25986E8F}.Debug|x64.ActiveCfg = Debug|Any CPU
		{4B2E1B10-133A-41CF-BB38-1B3D25986E8F}.Debug|x64.Build.0 = Debug|Any CPU
		{4B2E1B10-133A-41CF-BB38-1B3D25986E8F}.Debug|x86.ActiveCfg = Debug|Any CPU
		{4B2E1B10-133A-41CF-BB38-1B3D25986E8F}.Debug|x86.Build.0 = Debug|Any CPU
		{4B2E1B10-133A-41CF-BB38-1B3D25986E8F}.Release|Any CPU.ActiveCfg = Release|Any CPU
		{4B2E1B10-133A-41CF-BB38-1B3D25986E8F}.Release|Any CPU.Build.0 = Release|Any CPU
		{4B2E1B10-133A-41CF-BB38-1B3D25986E8F}.Release|x64.ActiveCfg = Release|Any CPU
		{4B2E1B10-133A-41CF-BB38-1B3D25986E8F}.Release|x64.Build.0 = Release|Any CPU
		{4B2E1B10-133A-41CF-BB38-1B3D25986E8F}.Release|x86.ActiveCfg = Release|Any CPU
		{4B2E1B10-133A-41CF-BB38-1B3D25986E8F}.Release|x86.Build.0 = Release|Any CPU
		{FA16C8CB-DE9D-4F44-9428-F29C463D31F9}.Debug|Any CPU.ActiveCfg = Debug|Any CPU
		{FA16C8CB-DE9D-4F44-9428-F29C463D31F9}.Debug|Any CPU.Build.0 = Debug|Any CPU
		{FA16C8CB-DE9D-4F44-9428-F29C463D31F9}.Debug|x64.ActiveCfg = Debug|Any CPU
		{FA16C8CB-DE9D-4F44-9428-F29C463D31F9}.Debug|x64.Build.0 = Debug|Any CPU
		{FA16C8CB-DE9D-4F44-9428-F29C463D31F9}.Debug|x86.ActiveCfg = Debug|Any CPU
		{FA16C8CB-DE9D-4F44-9428-F29C463D31F9}.Debug|x86.Build.0 = Debug|Any CPU
		{FA16C8CB-DE9D-4F44-9428-F29C463D31F9}.Release|Any CPU.ActiveCfg = Release|Any CPU
		{FA16C8CB-DE9D-4F44-9428-F29C463D31F9}.Release|Any CPU.Build.0 = Release|Any CPU
		{FA16C8CB-DE9D-4F44-9428-F29C463D31F9}.Release|x64.ActiveCfg = Release|Any CPU
		{FA16C8CB-DE9D-4F44-9428-F29C463D31F9}.Release|x64.Build.0 = Release|Any CPU
		{FA16C8CB-DE9D-4F44-9428-F29C463D31F9}.Release|x86.ActiveCfg = Release|Any CPU
		{FA16C8CB-DE9D-4F44-9428-F29C463D31F9}.Release|x86.Build.0 = Release|Any CPU
		{16166C8B-AA3A-43D6-8966-ECE43AB917A9}.Debug|Any CPU.ActiveCfg = Debug|Any CPU
		{16166C8B-AA3A-43D6-8966-ECE43AB917A9}.Debug|Any CPU.Build.0 = Debug|Any CPU
		{16166C8B-AA3A-43D6-8966-ECE43AB917A9}.Debug|x64.ActiveCfg = Debug|Any CPU
		{16166C8B-AA3A-43D6-8966-ECE43AB917A9}.Debug|x64.Build.0 = Debug|Any CPU
		{16166C8B-AA3A-43D6-8966-ECE43AB917A9}.Debug|x86.ActiveCfg = Debug|Any CPU
		{16166C8B-AA3A-43D6-8966-ECE43AB917A9}.Debug|x86.Build.0 = Debug|Any CPU
		{16166C8B-AA3A-43D6-8966-ECE43AB917A9}.Release|Any CPU.ActiveCfg = Release|Any CPU
		{16166C8B-AA3A-43D6-8966-ECE43AB917A9}.Release|Any CPU.Build.0 = Release|Any CPU
		{16166C8B-AA3A-43D6-8966-ECE43AB917A9}.Release|x64.ActiveCfg = Release|Any CPU
		{16166C8B-AA3A-43D6-8966-ECE43AB917A9}.Release|x64.Build.0 = Release|Any CPU
		{16166C8B-AA3A-43D6-8966-ECE43AB917A9}.Release|x86.ActiveCfg = Release|Any CPU
		{16166C8B-AA3A-43D6-8966-ECE43AB917A9}.Release|x86.Build.0 = Release|Any CPU
		{D82782C0-5E2A-4F03-A6E0-B6A4976A5ED9}.Debug|Any CPU.ActiveCfg = Debug|Any CPU
		{D82782C0-5E2A-4F03-A6E0-B6A4976A5ED9}.Debug|Any CPU.Build.0 = Debug|Any CPU
		{D82782C0-5E2A-4F03-A6E0-B6A4976A5ED9}.Debug|x64.ActiveCfg = Debug|Any CPU
		{D82782C0-5E2A-4F03-A6E0-B6A4976A5ED9}.Debug|x64.Build.0 = Debug|Any CPU
		{D82782C0-5E2A-4F03-A6E0-B6A4976A5ED9}.Debug|x86.ActiveCfg = Debug|Any CPU
		{D82782C0-5E2A-4F03-A6E0-B6A4976A5ED9}.Debug|x86.Build.0 = Debug|Any CPU
		{D82782C0-5E2A-4F03-A6E0-B6A4976A5ED9}.Release|Any CPU.ActiveCfg = Release|Any CPU
		{D82782C0-5E2A-4F03-A6E0-B6A4976A5ED9}.Release|Any CPU.Build.0 = Release|Any CPU
		{D82782C0-5E2A-4F03-A6E0-B6A4976A5ED9}.Release|x64.ActiveCfg = Release|Any CPU
		{D82782C0-5E2A-4F03-A6E0-B6A4976A5ED9}.Release|x64.Build.0 = Release|Any CPU
		{D82782C0-5E2A-4F03-A6E0-B6A4976A5ED9}.Release|x86.ActiveCfg = Release|Any CPU
		{D82782C0-5E2A-4F03-A6E0-B6A4976A5ED9}.Release|x86.Build.0 = Release|Any CPU
		{D696B390-6C28-4253-BAFF-CC9ED29BA314}.Debug|Any CPU.ActiveCfg = Debug|Any CPU
		{D696B390-6C28-4253-BAFF-CC9ED29BA314}.Debug|Any CPU.Build.0 = Debug|Any CPU
		{D696B390-6C28-4253-BAFF-CC9ED29BA314}.Debug|x64.ActiveCfg = Debug|Any CPU
		{D696B390-6C28-4253-BAFF-CC9ED29BA314}.Debug|x64.Build.0 = Debug|Any CPU
		{D696B390-6C28-4253-BAFF-CC9ED29BA314}.Debug|x86.ActiveCfg = Debug|Any CPU
		{D696B390-6C28-4253-BAFF-CC9ED29BA314}.Debug|x86.Build.0 = Debug|Any CPU
		{D696B390-6C28-4253-BAFF-CC9ED29BA314}.Release|Any CPU.ActiveCfg = Release|Any CPU
		{D696B390-6C28-4253-BAFF-CC9ED29BA314}.Release|Any CPU.Build.0 = Release|Any CPU
		{D696B390-6C28-4253-BAFF-CC9ED29BA314}.Release|x64.ActiveCfg = Release|Any CPU
		{D696B390-6C28-4253-BAFF-CC9ED29BA314}.Release|x64.Build.0 = Release|Any CPU
		{D696B390-6C28-4253-BAFF-CC9ED29BA314}.Release|x86.ActiveCfg = Release|Any CPU
		{D696B390-6C28-4253-BAFF-CC9ED29BA314}.Release|x86.Build.0 = Release|Any CPU
		{E3F6180E-EDB7-4BC2-9B7D-7C1224379EB9}.Debug|Any CPU.ActiveCfg = Debug|Any CPU
		{E3F6180E-EDB7-4BC2-9B7D-7C1224379EB9}.Debug|Any CPU.Build.0 = Debug|Any CPU
		{E3F6180E-EDB7-4BC2-9B7D-7C1224379EB9}.Debug|x64.ActiveCfg = Debug|Any CPU
		{E3F6180E-EDB7-4BC2-9B7D-7C1224379EB9}.Debug|x64.Build.0 = Debug|Any CPU
		{E3F6180E-EDB7-4BC2-9B7D-7C1224379EB9}.Debug|x86.ActiveCfg = Debug|Any CPU
		{E3F6180E-EDB7-4BC2-9B7D-7C1224379EB9}.Debug|x86.Build.0 = Debug|Any CPU
		{E3F6180E-EDB7-4BC2-9B7D-7C1224379EB9}.Release|Any CPU.ActiveCfg = Release|Any CPU
		{E3F6180E-EDB7-4BC2-9B7D-7C1224379EB9}.Release|Any CPU.Build.0 = Release|Any CPU
		{E3F6180E-EDB7-4BC2-9B7D-7C1224379EB9}.Release|x64.ActiveCfg = Release|Any CPU
		{E3F6180E-EDB7-4BC2-9B7D-7C1224379EB9}.Release|x64.Build.0 = Release|Any CPU
		{E3F6180E-EDB7-4BC2-9B7D-7C1224379EB9}.Release|x86.ActiveCfg = Release|Any CPU
		{E3F6180E-EDB7-4BC2-9B7D-7C1224379EB9}.Release|x86.Build.0 = Release|Any CPU
		{BFAF50DC-4942-46B8-8615-2A0B4CF08AD2}.Debug|Any CPU.ActiveCfg = Debug|Any CPU
		{BFAF50DC-4942-46B8-8615-2A0B4CF08AD2}.Debug|Any CPU.Build.0 = Debug|Any CPU
		{BFAF50DC-4942-46B8-8615-2A0B4CF08AD2}.Debug|x64.ActiveCfg = Debug|Any CPU
		{BFAF50DC-4942-46B8-8615-2A0B4CF08AD2}.Debug|x64.Build.0 = Debug|Any CPU
		{BFAF50DC-4942-46B8-8615-2A0B4CF08AD2}.Debug|x86.ActiveCfg = Debug|x86
		{BFAF50DC-4942-46B8-8615-2A0B4CF08AD2}.Debug|x86.Build.0 = Debug|x86
		{BFAF50DC-4942-46B8-8615-2A0B4CF08AD2}.Release|Any CPU.ActiveCfg = Release|Any CPU
		{BFAF50DC-4942-46B8-8615-2A0B4CF08AD2}.Release|Any CPU.Build.0 = Release|Any CPU
		{BFAF50DC-4942-46B8-8615-2A0B4CF08AD2}.Release|x64.ActiveCfg = Release|Any CPU
		{BFAF50DC-4942-46B8-8615-2A0B4CF08AD2}.Release|x64.Build.0 = Release|Any CPU
		{BFAF50DC-4942-46B8-8615-2A0B4CF08AD2}.Release|x86.ActiveCfg = Release|x86
		{BFAF50DC-4942-46B8-8615-2A0B4CF08AD2}.Release|x86.Build.0 = Release|x86
		{DD4F9C19-9F1C-44A8-81F3-6CA157DCA1C2}.Debug|Any CPU.ActiveCfg = Debug|Any CPU
		{DD4F9C19-9F1C-44A8-81F3-6CA157DCA1C2}.Debug|Any CPU.Build.0 = Debug|Any CPU
		{DD4F9C19-9F1C-44A8-81F3-6CA157DCA1C2}.Debug|x64.ActiveCfg = Debug|Any CPU
		{DD4F9C19-9F1C-44A8-81F3-6CA157DCA1C2}.Debug|x64.Build.0 = Debug|Any CPU
		{DD4F9C19-9F1C-44A8-81F3-6CA157DCA1C2}.Debug|x86.ActiveCfg = Debug|x86
		{DD4F9C19-9F1C-44A8-81F3-6CA157DCA1C2}.Debug|x86.Build.0 = Debug|x86
		{DD4F9C19-9F1C-44A8-81F3-6CA157DCA1C2}.Release|Any CPU.ActiveCfg = Release|Any CPU
		{DD4F9C19-9F1C-44A8-81F3-6CA157DCA1C2}.Release|Any CPU.Build.0 = Release|Any CPU
		{DD4F9C19-9F1C-44A8-81F3-6CA157DCA1C2}.Release|x64.ActiveCfg = Release|Any CPU
		{DD4F9C19-9F1C-44A8-81F3-6CA157DCA1C2}.Release|x64.Build.0 = Release|Any CPU
		{DD4F9C19-9F1C-44A8-81F3-6CA157DCA1C2}.Release|x86.ActiveCfg = Release|x86
		{DD4F9C19-9F1C-44A8-81F3-6CA157DCA1C2}.Release|x86.Build.0 = Release|x86
		{AF04F1DF-B675-4F9F-9144-3FEC2075FBB3}.Debug|Any CPU.ActiveCfg = Debug|Any CPU
		{AF04F1DF-B675-4F9F-9144-3FEC2075FBB3}.Debug|Any CPU.Build.0 = Debug|Any CPU
		{AF04F1DF-B675-4F9F-9144-3FEC2075FBB3}.Debug|x64.ActiveCfg = Debug|Any CPU
		{AF04F1DF-B675-4F9F-9144-3FEC2075FBB3}.Debug|x64.Build.0 = Debug|Any CPU
		{AF04F1DF-B675-4F9F-9144-3FEC2075FBB3}.Debug|x86.ActiveCfg = Debug|Any CPU
		{AF04F1DF-B675-4F9F-9144-3FEC2075FBB3}.Debug|x86.Build.0 = Debug|Any CPU
		{AF04F1DF-B675-4F9F-9144-3FEC2075FBB3}.Release|Any CPU.ActiveCfg = Release|Any CPU
		{AF04F1DF-B675-4F9F-9144-3FEC2075FBB3}.Release|Any CPU.Build.0 = Release|Any CPU
		{AF04F1DF-B675-4F9F-9144-3FEC2075FBB3}.Release|x64.ActiveCfg = Release|Any CPU
		{AF04F1DF-B675-4F9F-9144-3FEC2075FBB3}.Release|x64.Build.0 = Release|Any CPU
		{AF04F1DF-B675-4F9F-9144-3FEC2075FBB3}.Release|x86.ActiveCfg = Release|Any CPU
		{AF04F1DF-B675-4F9F-9144-3FEC2075FBB3}.Release|x86.Build.0 = Release|Any CPU
		{14557EA6-996F-4509-9854-D35744BC9B19}.Debug|Any CPU.ActiveCfg = Debug|Any CPU
		{14557EA6-996F-4509-9854-D35744BC9B19}.Debug|Any CPU.Build.0 = Debug|Any CPU
		{14557EA6-996F-4509-9854-D35744BC9B19}.Debug|x64.ActiveCfg = Debug|Any CPU
		{14557EA6-996F-4509-9854-D35744BC9B19}.Debug|x64.Build.0 = Debug|Any CPU
		{14557EA6-996F-4509-9854-D35744BC9B19}.Debug|x86.ActiveCfg = Debug|Any CPU
		{14557EA6-996F-4509-9854-D35744BC9B19}.Debug|x86.Build.0 = Debug|Any CPU
		{14557EA6-996F-4509-9854-D35744BC9B19}.Release|Any CPU.ActiveCfg = Release|Any CPU
		{14557EA6-996F-4509-9854-D35744BC9B19}.Release|Any CPU.Build.0 = Release|Any CPU
		{14557EA6-996F-4509-9854-D35744BC9B19}.Release|x64.ActiveCfg = Release|Any CPU
		{14557EA6-996F-4509-9854-D35744BC9B19}.Release|x64.Build.0 = Release|Any CPU
		{14557EA6-996F-4509-9854-D35744BC9B19}.Release|x86.ActiveCfg = Release|Any CPU
		{14557EA6-996F-4509-9854-D35744BC9B19}.Release|x86.Build.0 = Release|Any CPU
		{8DDAC173-9267-4545-BD39-12ACA2370000}.Debug|Any CPU.ActiveCfg = Debug|Any CPU
		{8DDAC173-9267-4545-BD39-12ACA2370000}.Debug|Any CPU.Build.0 = Debug|Any CPU
		{8DDAC173-9267-4545-BD39-12ACA2370000}.Debug|x64.ActiveCfg = Debug|Any CPU
		{8DDAC173-9267-4545-BD39-12ACA2370000}.Debug|x64.Build.0 = Debug|Any CPU
		{8DDAC173-9267-4545-BD39-12ACA2370000}.Debug|x86.ActiveCfg = Debug|Any CPU
		{8DDAC173-9267-4545-BD39-12ACA2370000}.Debug|x86.Build.0 = Debug|Any CPU
		{8DDAC173-9267-4545-BD39-12ACA2370000}.Release|Any CPU.ActiveCfg = Release|Any CPU
		{8DDAC173-9267-4545-BD39-12ACA2370000}.Release|Any CPU.Build.0 = Release|Any CPU
		{8DDAC173-9267-4545-BD39-12ACA2370000}.Release|x64.ActiveCfg = Release|Any CPU
		{8DDAC173-9267-4545-BD39-12ACA2370000}.Release|x64.Build.0 = Release|Any CPU
		{8DDAC173-9267-4545-BD39-12ACA2370000}.Release|x86.ActiveCfg = Release|Any CPU
		{8DDAC173-9267-4545-BD39-12ACA2370000}.Release|x86.Build.0 = Release|Any CPU
		{2008918A-0BD9-4359-AF1B-49057F136D2F}.Debug|Any CPU.ActiveCfg = Debug|Any CPU
		{2008918A-0BD9-4359-AF1B-49057F136D2F}.Debug|Any CPU.Build.0 = Debug|Any CPU
		{2008918A-0BD9-4359-AF1B-49057F136D2F}.Debug|x64.ActiveCfg = Debug|Any CPU
		{2008918A-0BD9-4359-AF1B-49057F136D2F}.Debug|x64.Build.0 = Debug|Any CPU
		{2008918A-0BD9-4359-AF1B-49057F136D2F}.Debug|x86.ActiveCfg = Debug|Any CPU
		{2008918A-0BD9-4359-AF1B-49057F136D2F}.Debug|x86.Build.0 = Debug|Any CPU
		{2008918A-0BD9-4359-AF1B-49057F136D2F}.Release|Any CPU.ActiveCfg = Release|Any CPU
		{2008918A-0BD9-4359-AF1B-49057F136D2F}.Release|Any CPU.Build.0 = Release|Any CPU
		{2008918A-0BD9-4359-AF1B-49057F136D2F}.Release|x64.ActiveCfg = Release|Any CPU
		{2008918A-0BD9-4359-AF1B-49057F136D2F}.Release|x64.Build.0 = Release|Any CPU
		{2008918A-0BD9-4359-AF1B-49057F136D2F}.Release|x86.ActiveCfg = Release|Any CPU
		{2008918A-0BD9-4359-AF1B-49057F136D2F}.Release|x86.Build.0 = Release|Any CPU
	EndGlobalSection
	GlobalSection(SolutionProperties) = preSolution
		HideSolutionNode = FALSE
	EndGlobalSection
	GlobalSection(NestedProjects) = preSolution
		{B9B8881F-DDFA-4B86-9585-3E3CDA230E4C} = {A33DF074-C304-4E17-B878-D516F7AEBD96}
		{EF18EA2F-78F0-41D3-8232-8F355285038C} = {9CD44B7B-5560-400B-AA3A-5DE793631C66}
		{69AAC7AF-AF35-46C6-B347-8FAC4F41D6F5} = {476DEC60-7FA7-44BE-BDC9-54022A242752}
		{FD9080CA-0265-484B-BDEF-1FF1E52E3DAF} = {8844E881-82E2-4E23-91B9-AC9690C35424}
		{F522D184-83D6-47D2-ADF1-475076265C4C} = {70DB591D-9640-4A58-86C4-C4BB51125E41}
		{F7EE3C2E-B77A-4EA3-9D69-EA80CC381079} = {79B80984-B876-40C7-B82C-0E4D9394FE06}
		{7E8E326C-C41F-4EEC-A3F9-6653E46370F9} = {79B80984-B876-40C7-B82C-0E4D9394FE06}
		{570CEEC3-4375-44D3-BC8A-896EFE9E0303} = {79B80984-B876-40C7-B82C-0E4D9394FE06}
		{EF399D86-10D3-4B8A-AB6B-232A701D0F07} = {A33DF074-C304-4E17-B878-D516F7AEBD96}
		{B1691257-F06D-4DA5-AE6D-1C1EA398B95E} = {A33DF074-C304-4E17-B878-D516F7AEBD96}
		{ED199CA2-3D5F-4368-99D9-13FFECDD9087} = {9AB91AE4-ACA2-412D-B23E-27B5191AE333}
		{AAACC6FC-903B-419F-814C-A6894EDD52BB} = {70DB591D-9640-4A58-86C4-C4BB51125E41}
		{9A0B5B8E-CBEF-48E0-A8ED-E0D9867FD09D} = {79B80984-B876-40C7-B82C-0E4D9394FE06}
		{4B2E1B10-133A-41CF-BB38-1B3D25986E8F} = {866E8FA8-C366-4BF1-93B8-0C2F14A235F1}
		{FA16C8CB-DE9D-4F44-9428-F29C463D31F9} = {9CD44B7B-5560-400B-AA3A-5DE793631C66}
		{16166C8B-AA3A-43D6-8966-ECE43AB917A9} = {79B80984-B876-40C7-B82C-0E4D9394FE06}
		{D82782C0-5E2A-4F03-A6E0-B6A4976A5ED9} = {866E8FA8-C366-4BF1-93B8-0C2F14A235F1}
		{D696B390-6C28-4253-BAFF-CC9ED29BA314} = {476DEC60-7FA7-44BE-BDC9-54022A242752}
		{E3F6180E-EDB7-4BC2-9B7D-7C1224379EB9} = {A33DF074-C304-4E17-B878-D516F7AEBD96}
		{D978358F-A689-4418-9C30-5BE5FBD710FD} = {476DEC60-7FA7-44BE-BDC9-54022A242752}
		{BFAF50DC-4942-46B8-8615-2A0B4CF08AD2} = {D978358F-A689-4418-9C30-5BE5FBD710FD}
		{DD4F9C19-9F1C-44A8-81F3-6CA157DCA1C2} = {D978358F-A689-4418-9C30-5BE5FBD710FD}
		{AF04F1DF-B675-4F9F-9144-3FEC2075FBB3} = {D978358F-A689-4418-9C30-5BE5FBD710FD}
		{14557EA6-996F-4509-9854-D35744BC9B19} = {F23D33F6-072A-431C-8D9E-2224E524F1D4}
		{8DDAC173-9267-4545-BD39-12ACA2370000} = {F23D33F6-072A-431C-8D9E-2224E524F1D4}
		{2008918A-0BD9-4359-AF1B-49057F136D2F} = {F23D33F6-072A-431C-8D9E-2224E524F1D4}
	EndGlobalSection
	GlobalSection(ExtensibilityGlobals) = postSolution
		SolutionGuid = {DC67F0D5-822B-483D-8314-5278A5F3AE4C}
	EndGlobalSection
EndGlobal
